
Microsoft Visual Studio Solution File, Format Version 12.00
# Visual Studio Version 17
VisualStudioVersion = 17.9.34701.34
MinimumVisualStudioVersion = 10.0.40219.1
Project("{2150E333-8FDC-42A3-9474-1A3956D46DE8}") = "Service", "Service", "{D8E05B00-DC02-4A74-99D2-7602679C5AB8}"
EndProject
Project("{2150E333-8FDC-42A3-9474-1A3956D46DE8}") = "Database", "Database", "{5EBCAB1A-D4B8-405B-A7DD-DDCFA72C3101}"
EndProject
Project("{2150E333-8FDC-42A3-9474-1A3956D46DE8}") = "Model", "Model", "{660D3759-0CED-40FE-8822-EDEDEF543729}"
EndProject
Project("{9A19103F-16F7-4668-BE54-9A1E7A4F7556}") = "BlazorHrFaq", "BlazorHrFaq\BlazorHrFaq.csproj", "{FC863271-5EEC-4852-BD5D-D28CA5127B31}"
EndProject
Project("{2150E333-8FDC-42A3-9474-1A3956D46DE8}") = "Website", "Website", "{A101FDE4-7966-4D6B-AC63-9C155841443C}"
EndProject
Project("{E53339B2-1760-4266-BCC7-CA923CBCF16C}") = "docker-compose", "docker-compose.dcproj", "{E3378740-B5B6-4EB3-89E1-C3A4C0D9BCFD}"
EndProject
Project("{9A19103F-16F7-4668-BE54-9A1E7A4F7556}") = "HrFaq.Faq.Service", "HRFaq.Faq.Service\HrFaq.Faq.Service.csproj", "{4DA35E3F-9D73-4ADE-815D-42D8AE862F23}"
EndProject
Project("{2150E333-8FDC-42A3-9474-1A3956D46DE8}") = "HRFaq", "HRFaq", "{02064434-DC01-4923-BC1F-2B0429FC7D5A}"
EndProject
Project("{2150E333-8FDC-42A3-9474-1A3956D46DE8}") = "Loggning", "Loggning", "{338E22FC-4F04-4AA2-8429-91B140709B48}"
EndProject
Project("{9A19103F-16F7-4668-BE54-9A1E7A4F7556}") = "HrFaq.Loggning.Service", "HRFaq.Loggning.Service\HrFaq.Loggning.Service.csproj", "{1E00D0D4-9FF0-4A6F-93D2-A6883097BDD5}"
EndProject
Project("{2150E333-8FDC-42A3-9474-1A3956D46DE8}") = "ResponseModel", "ResponseModel", "{1FC94E43-7CEC-44DC-8CE6-009B98E498D1}"
EndProject
Project("{9A19103F-16F7-4668-BE54-9A1E7A4F7556}") = "HrFaq.ResponseModel", "HRFaq.ResponseModel\HrFaq.ResponseModel.csproj", "{430A4E98-76CF-4828-A78A-08B3C497DFBA}"
EndProject
Project("{9A19103F-16F7-4668-BE54-9A1E7A4F7556}") = "HrFaq.Loggning.Xunit.Test", "HRFAQ.Loggning.Xunit.Test\HrFaq.Loggning.Xunit.Test.csproj", "{98845E53-A957-4C3C-AAE4-2CBAFE2780E4}"
EndProject
Project("{2150E333-8FDC-42A3-9474-1A3956D46DE8}") = "TextHelper", "TextHelper", "{B8E15616-A624-4BC5-9CB3-030E4044E839}"
EndProject
Project("{9A19103F-16F7-4668-BE54-9A1E7A4F7556}") = "HrFaq.TextHelper", "HrFaq.TextHelper\HrFaq.TextHelper.csproj", "{1FBC4D1D-876B-454B-8236-398E88E4A091}"
EndProject
Project("{9A19103F-16F7-4668-BE54-9A1E7A4F7556}") = "HrFaq.Faq.Model", "HrFaq.Faq.Model\HrFaq.Faq.Model.csproj", "{98902114-7AF8-4020-8B07-6BDBFD247E7D}"
EndProject
Project("{9A19103F-16F7-4668-BE54-9A1E7A4F7556}") = "HrFaq.Faq.Xunit.Test", "HrFaq.Faq.Xunit.Test\HrFaq.Faq.Xunit.Test.csproj", "{DAA5407A-0711-430F-B2F5-0DAB63F8BE9C}"
EndProject
Project("{9A19103F-16F7-4668-BE54-9A1E7A4F7556}") = "HrFaq.Database", "HrFaq.Database.Database\HrFaq.Database.csproj", "{16589814-9C01-4DF9-8148-EC622D635CBD}"
EndProject
Project("{9A19103F-16F7-4668-BE54-9A1E7A4F7556}") = "HrFaq.Database.Infrastructure", "HrFaq.Database.Infrastructure\HrFaq.Database.Infrastructure.csproj", "{8A4FBE61-E2E1-453D-A417-198D5139970A}"
EndProject
Project("{9A19103F-16F7-4668-BE54-9A1E7A4F7556}") = "HrFaq.Extensions", "HrFaq.Extensions\HrFaq.Extensions.csproj", "{E6F270D4-67E4-4680-BEAD-F4624A94F3CB}"
EndProject
Project("{FAE04EC0-301F-11D3-BF4B-00C04F79EFBC}") = "HrFaq.Helper.Xunit", "HrFaq.Helper.Xunit\HrFaq.Helper.Xunit.csproj", "{76EFD3A1-9465-4FEB-9E5F-BAB9D5DC82B3}"
EndProject
Global
	GlobalSection(SolutionConfigurationPlatforms) = preSolution
		Debug|Any CPU = Debug|Any CPU
		Release|Any CPU = Release|Any CPU
	EndGlobalSection
	GlobalSection(ProjectConfigurationPlatforms) = postSolution
		{FC863271-5EEC-4852-BD5D-D28CA5127B31}.Debug|Any CPU.ActiveCfg = Debug|Any CPU
		{FC863271-5EEC-4852-BD5D-D28CA5127B31}.Debug|Any CPU.Build.0 = Debug|Any CPU
		{FC863271-5EEC-4852-BD5D-D28CA5127B31}.Release|Any CPU.ActiveCfg = Release|Any CPU
		{FC863271-5EEC-4852-BD5D-D28CA5127B31}.Release|Any CPU.Build.0 = Release|Any CPU
		{E3378740-B5B6-4EB3-89E1-C3A4C0D9BCFD}.Debug|Any CPU.ActiveCfg = Debug|Any CPU
		{E3378740-B5B6-4EB3-89E1-C3A4C0D9BCFD}.Debug|Any CPU.Build.0 = Debug|Any CPU
		{E3378740-B5B6-4EB3-89E1-C3A4C0D9BCFD}.Release|Any CPU.ActiveCfg = Release|Any CPU
		{E3378740-B5B6-4EB3-89E1-C3A4C0D9BCFD}.Release|Any CPU.Build.0 = Release|Any CPU
		{4DA35E3F-9D73-4ADE-815D-42D8AE862F23}.Debug|Any CPU.ActiveCfg = Debug|Any CPU
		{4DA35E3F-9D73-4ADE-815D-42D8AE862F23}.Debug|Any CPU.Build.0 = Debug|Any CPU
		{4DA35E3F-9D73-4ADE-815D-42D8AE862F23}.Release|Any CPU.ActiveCfg = Release|Any CPU
		{4DA35E3F-9D73-4ADE-815D-42D8AE862F23}.Release|Any CPU.Build.0 = Release|Any CPU
		{1E00D0D4-9FF0-4A6F-93D2-A6883097BDD5}.Debug|Any CPU.ActiveCfg = Debug|Any CPU
		{1E00D0D4-9FF0-4A6F-93D2-A6883097BDD5}.Debug|Any CPU.Build.0 = Debug|Any CPU
		{1E00D0D4-9FF0-4A6F-93D2-A6883097BDD5}.Release|Any CPU.ActiveCfg = Release|Any CPU
		{1E00D0D4-9FF0-4A6F-93D2-A6883097BDD5}.Release|Any CPU.Build.0 = Release|Any CPU
		{430A4E98-76CF-4828-A78A-08B3C497DFBA}.Debug|Any CPU.ActiveCfg = Debug|Any CPU
		{430A4E98-76CF-4828-A78A-08B3C497DFBA}.Debug|Any CPU.Build.0 = Debug|Any CPU
		{430A4E98-76CF-4828-A78A-08B3C497DFBA}.Release|Any CPU.ActiveCfg = Release|Any CPU
		{430A4E98-76CF-4828-A78A-08B3C497DFBA}.Release|Any CPU.Build.0 = Release|Any CPU
		{98845E53-A957-4C3C-AAE4-2CBAFE2780E4}.Debug|Any CPU.ActiveCfg = Debug|Any CPU
		{98845E53-A957-4C3C-AAE4-2CBAFE2780E4}.Debug|Any CPU.Build.0 = Debug|Any CPU
		{98845E53-A957-4C3C-AAE4-2CBAFE2780E4}.Release|Any CPU.ActiveCfg = Release|Any CPU
		{98845E53-A957-4C3C-AAE4-2CBAFE2780E4}.Release|Any CPU.Build.0 = Release|Any CPU
		{1FBC4D1D-876B-454B-8236-398E88E4A091}.Debug|Any CPU.ActiveCfg = Debug|Any CPU
		{1FBC4D1D-876B-454B-8236-398E88E4A091}.Debug|Any CPU.Build.0 = Debug|Any CPU
		{1FBC4D1D-876B-454B-8236-398E88E4A091}.Release|Any CPU.ActiveCfg = Release|Any CPU
		{1FBC4D1D-876B-454B-8236-398E88E4A091}.Release|Any CPU.Build.0 = Release|Any CPU
		{98902114-7AF8-4020-8B07-6BDBFD247E7D}.Debug|Any CPU.ActiveCfg = Debug|Any CPU
		{98902114-7AF8-4020-8B07-6BDBFD247E7D}.Debug|Any CPU.Build.0 = Debug|Any CPU
		{98902114-7AF8-4020-8B07-6BDBFD247E7D}.Release|Any CPU.ActiveCfg = Release|Any CPU
		{98902114-7AF8-4020-8B07-6BDBFD247E7D}.Release|Any CPU.Build.0 = Release|Any CPU
		{DAA5407A-0711-430F-B2F5-0DAB63F8BE9C}.Debug|Any CPU.ActiveCfg = Debug|Any CPU
		{DAA5407A-0711-430F-B2F5-0DAB63F8BE9C}.Debug|Any CPU.Build.0 = Debug|Any CPU
		{DAA5407A-0711-430F-B2F5-0DAB63F8BE9C}.Release|Any CPU.ActiveCfg = Release|Any CPU
		{DAA5407A-0711-430F-B2F5-0DAB63F8BE9C}.Release|Any CPU.Build.0 = Release|Any CPU
		{16589814-9C01-4DF9-8148-EC622D635CBD}.Debug|Any CPU.ActiveCfg = Debug|Any CPU
		{16589814-9C01-4DF9-8148-EC622D635CBD}.Debug|Any CPU.Build.0 = Debug|Any CPU
		{16589814-9C01-4DF9-8148-EC622D635CBD}.Release|Any CPU.ActiveCfg = Release|Any CPU
		{16589814-9C01-4DF9-8148-EC622D635CBD}.Release|Any CPU.Build.0 = Release|Any CPU
		{8A4FBE61-E2E1-453D-A417-198D5139970A}.Debug|Any CPU.ActiveCfg = Debug|Any CPU
		{8A4FBE61-E2E1-453D-A417-198D5139970A}.Debug|Any CPU.Build.0 = Debug|Any CPU
		{8A4FBE61-E2E1-453D-A417-198D5139970A}.Release|Any CPU.ActiveCfg = Release|Any CPU
		{8A4FBE61-E2E1-453D-A417-198D5139970A}.Release|Any CPU.Build.0 = Release|Any CPU
		{E6F270D4-67E4-4680-BEAD-F4624A94F3CB}.Debug|Any CPU.ActiveCfg = Debug|Any CPU
		{E6F270D4-67E4-4680-BEAD-F4624A94F3CB}.Debug|Any CPU.Build.0 = Debug|Any CPU
		{E6F270D4-67E4-4680-BEAD-F4624A94F3CB}.Release|Any CPU.ActiveCfg = Release|Any CPU
		{E6F270D4-67E4-4680-BEAD-F4624A94F3CB}.Release|Any CPU.Build.0 = Release|Any CPU
		{76EFD3A1-9465-4FEB-9E5F-BAB9D5DC82B3}.Debug|Any CPU.ActiveCfg = Debug|Any CPU
		{76EFD3A1-9465-4FEB-9E5F-BAB9D5DC82B3}.Debug|Any CPU.Build.0 = Debug|Any CPU
		{76EFD3A1-9465-4FEB-9E5F-BAB9D5DC82B3}.Release|Any CPU.ActiveCfg = Release|Any CPU
		{76EFD3A1-9465-4FEB-9E5F-BAB9D5DC82B3}.Release|Any CPU.Build.0 = Release|Any CPU
	EndGlobalSection
	GlobalSection(SolutionProperties) = preSolution
		HideSolutionNode = FALSE
	EndGlobalSection
	GlobalSection(NestedProjects) = preSolution
		{FC863271-5EEC-4852-BD5D-D28CA5127B31} = {A101FDE4-7966-4D6B-AC63-9C155841443C}
		{4DA35E3F-9D73-4ADE-815D-42D8AE862F23} = {02064434-DC01-4923-BC1F-2B0429FC7D5A}
		{02064434-DC01-4923-BC1F-2B0429FC7D5A} = {D8E05B00-DC02-4A74-99D2-7602679C5AB8}
		{338E22FC-4F04-4AA2-8429-91B140709B48} = {D8E05B00-DC02-4A74-99D2-7602679C5AB8}
		{1E00D0D4-9FF0-4A6F-93D2-A6883097BDD5} = {338E22FC-4F04-4AA2-8429-91B140709B48}
		{1FC94E43-7CEC-44DC-8CE6-009B98E498D1} = {660D3759-0CED-40FE-8822-EDEDEF543729}
		{430A4E98-76CF-4828-A78A-08B3C497DFBA} = {1FC94E43-7CEC-44DC-8CE6-009B98E498D1}
		{98845E53-A957-4C3C-AAE4-2CBAFE2780E4} = {338E22FC-4F04-4AA2-8429-91B140709B48}
		{1FBC4D1D-876B-454B-8236-398E88E4A091} = {B8E15616-A624-4BC5-9CB3-030E4044E839}
		{98902114-7AF8-4020-8B07-6BDBFD247E7D} = {02064434-DC01-4923-BC1F-2B0429FC7D5A}
		{DAA5407A-0711-430F-B2F5-0DAB63F8BE9C} = {02064434-DC01-4923-BC1F-2B0429FC7D5A}
		{16589814-9C01-4DF9-8148-EC622D635CBD} = {5EBCAB1A-D4B8-405B-A7DD-DDCFA72C3101}
		{8A4FBE61-E2E1-453D-A417-198D5139970A} = {5EBCAB1A-D4B8-405B-A7DD-DDCFA72C3101}
		{E6F270D4-67E4-4680-BEAD-F4624A94F3CB} = {B8E15616-A624-4BC5-9CB3-030E4044E839}
		{76EFD3A1-9465-4FEB-9E5F-BAB9D5DC82B3} = {B8E15616-A624-4BC5-9CB3-030E4044E839}
	EndGlobalSection
	GlobalSection(ExtensibilityGlobals) = postSolution
		SolutionGuid = {BBE3DAF7-D25A-4F44-A446-7776BC985D4D}
	EndGlobalSection
EndGlobal
