
Microsoft Visual Studio Solution File, Format Version 12.00
# Visual Studio Version 17
VisualStudioVersion = 17.9.34701.34
MinimumVisualStudioVersion = 10.0.40219.1
Project("{9A19103F-16F7-4668-BE54-9A1E7A4F7556}") = "Web", "BlazorHrFaq\Web.csproj", "{FC863271-5EEC-4852-BD5D-D28CA5127B31}"
EndProject
Project("{E53339B2-1760-4266-BCC7-CA923CBCF16C}") = "docker-compose", "docker-compose.dcproj", "{E3378740-B5B6-4EB3-89E1-C3A4C0D9BCFD}"
EndProject
Project("{9A19103F-16F7-4668-BE54-9A1E7A4F7556}") = "HrFaq.Test", "HrFaq.Xunit.Test\HrFaq.Test.csproj", "{57790021-DAD4-403D-A3CD-168DB34C6006}"
EndProject
Project("{9A19103F-16F7-4668-BE54-9A1E7A4F7556}") = "HrFaq.Application", "HRFaq.Service\HrFaq.Application.csproj", "{03C94C0F-6B49-4D4F-8D28-B6294CFD6A95}"
EndProject
Global
	GlobalSection(SolutionConfigurationPlatforms) = preSolution
		Debug|Any CPU = Debug|Any CPU
		Release|Any CPU = Release|Any CPU
	EndGlobalSection
	GlobalSection(ProjectConfigurationPlatforms) = postSolution
		{FC863271-5EEC-4852-BD5D-D28CA5127B31}.Debug|Any CPU.ActiveCfg = Debug|Any CPU
		{FC863271-5EEC-4852-BD5D-D28CA5127B31}.Debug|Any CPU.Build.0 = Debug|Any CPU
		{FC863271-5EEC-4852-BD5D-D28CA5127B31}.Release|Any CPU.ActiveCfg = Release|Any CPU
		{FC863271-5EEC-4852-BD5D-D28CA5127B31}.Release|Any CPU.Build.0 = Release|Any CPU
		{E3378740-B5B6-4EB3-89E1-C3A4C0D9BCFD}.Debug|Any CPU.ActiveCfg = Debug|Any CPU
		{E3378740-B5B6-4EB3-89E1-C3A4C0D9BCFD}.Debug|Any CPU.Build.0 = Debug|Any CPU
		{E3378740-B5B6-4EB3-89E1-C3A4C0D9BCFD}.Release|Any CPU.ActiveCfg = Release|Any CPU
		{E3378740-B5B6-4EB3-89E1-C3A4C0D9BCFD}.Release|Any CPU.Build.0 = Release|Any CPU
		{57790021-DAD4-403D-A3CD-168DB34C6006}.Debug|Any CPU.ActiveCfg = Debug|Any CPU
		{57790021-DAD4-403D-A3CD-168DB34C6006}.Debug|Any CPU.Build.0 = Debug|Any CPU
		{57790021-DAD4-403D-A3CD-168DB34C6006}.Release|Any CPU.ActiveCfg = Release|Any CPU
		{57790021-DAD4-403D-A3CD-168DB34C6006}.Release|Any CPU.Build.0 = Release|Any CPU
		{03C94C0F-6B49-4D4F-8D28-B6294CFD6A95}.Debug|Any CPU.ActiveCfg = Debug|Any CPU
		{03C94C0F-6B49-4D4F-8D28-B6294CFD6A95}.Debug|Any CPU.Build.0 = Debug|Any CPU
		{03C94C0F-6B49-4D4F-8D28-B6294CFD6A95}.Release|Any CPU.ActiveCfg = Release|Any CPU
		{03C94C0F-6B49-4D4F-8D28-B6294CFD6A95}.Release|Any CPU.Build.0 = Release|Any CPU
	EndGlobalSection
	GlobalSection(SolutionProperties) = preSolution
		HideSolutionNode = FALSE
	EndGlobalSection
	GlobalSection(ExtensibilityGlobals) = postSolution
		SolutionGuid = {BBE3DAF7-D25A-4F44-A446-7776BC985D4D}
	EndGlobalSection
EndGlobal
