
Microsoft Visual Studio Solution File, Format Version 12.00
# Visual Studio Version 17
VisualStudioVersion = 17.9.34701.34
MinimumVisualStudioVersion = 10.0.40219.1
Project("{2150E333-8FDC-42A3-9474-1A3956D46DE8}") = "Database", "Database", "{5EBCAB1A-D4B8-405B-A7DD-DDCFA72C3101}"
EndProject
Project("{2150E333-8FDC-42A3-9474-1A3956D46DE8}") = "Model", "Model", "{660D3759-0CED-40FE-8822-EDEDEF543729}"
EndProject
Project("{9A19103F-16F7-4668-BE54-9A1E7A4F7556}") = "BlazorHrFaq", "BlazorHrFaq\BlazorHrFaq.csproj", "{FC863271-5EEC-4852-BD5D-D28CA5127B31}"
EndProject
Project("{2150E333-8FDC-42A3-9474-1A3956D46DE8}") = "Web", "Web", "{A101FDE4-7966-4D6B-AC63-9C155841443C}"
EndProject
Project("{E53339B2-1760-4266-BCC7-CA923CBCF16C}") = "docker-compose", "docker-compose.dcproj", "{E3378740-B5B6-4EB3-89E1-C3A4C0D9BCFD}"
EndProject
Project("{9A19103F-16F7-4668-BE54-9A1E7A4F7556}") = "HrFaq.ResponseModel", "HRFaq.ResponseModel\HrFaq.ResponseModel.csproj", "{430A4E98-76CF-4828-A78A-08B3C497DFBA}"
EndProject
Project("{9A19103F-16F7-4668-BE54-9A1E7A4F7556}") = "HrFaq.Database", "HrFaq.Database.Database\HrFaq.Database.csproj", "{16589814-9C01-4DF9-8148-EC622D635CBD}"
EndProject
Project("{9A19103F-16F7-4668-BE54-9A1E7A4F7556}") = "HrFaq.Model", "HrFaq.Model\HrFaq.Model.csproj", "{E2651C6C-C682-43B0-BD69-CE6ED1C5268C}"
EndProject
Project("{9A19103F-16F7-4668-BE54-9A1E7A4F7556}") = "HrFaq.TextHelper", "HrFaq.Helper\HrFaq.TextHelper.csproj", "{F9D52ACD-B941-407F-ACCD-5532EF1A9D74}"
EndProject
Project("{9A19103F-16F7-4668-BE54-9A1E7A4F7556}") = "HrFaq.Xunit.Test", "HrFaq.Xunit.Test\HrFaq.Xunit.Test.csproj", "{57790021-DAD4-403D-A3CD-168DB34C6006}"
EndProject
Project("{9A19103F-16F7-4668-BE54-9A1E7A4F7556}") = "HrFaq.Service", "HRFaq.Service\HrFaq.Service.csproj", "{03C94C0F-6B49-4D4F-8D28-B6294CFD6A95}"
EndProject
Project("{2150E333-8FDC-42A3-9474-1A3956D46DE8}") = "Applikationslogik", "Applikationslogik", "{EA34C395-EC26-4291-A72A-B68EA16AF9DE}"
EndProject
Global
	GlobalSection(SolutionConfigurationPlatforms) = preSolution
		Debug|Any CPU = Debug|Any CPU
		Release|Any CPU = Release|Any CPU
	EndGlobalSection
	GlobalSection(ProjectConfigurationPlatforms) = postSolution
		{FC863271-5EEC-4852-BD5D-D28CA5127B31}.Debug|Any CPU.ActiveCfg = Debug|Any CPU
		{FC863271-5EEC-4852-BD5D-D28CA5127B31}.Debug|Any CPU.Build.0 = Debug|Any CPU
		{FC863271-5EEC-4852-BD5D-D28CA5127B31}.Release|Any CPU.ActiveCfg = Release|Any CPU
		{FC863271-5EEC-4852-BD5D-D28CA5127B31}.Release|Any CPU.Build.0 = Release|Any CPU
		{E3378740-B5B6-4EB3-89E1-C3A4C0D9BCFD}.Debug|Any CPU.ActiveCfg = Debug|Any CPU
		{E3378740-B5B6-4EB3-89E1-C3A4C0D9BCFD}.Debug|Any CPU.Build.0 = Debug|Any CPU
		{E3378740-B5B6-4EB3-89E1-C3A4C0D9BCFD}.Release|Any CPU.ActiveCfg = Release|Any CPU
		{E3378740-B5B6-4EB3-89E1-C3A4C0D9BCFD}.Release|Any CPU.Build.0 = Release|Any CPU
		{430A4E98-76CF-4828-A78A-08B3C497DFBA}.Debug|Any CPU.ActiveCfg = Debug|Any CPU
		{430A4E98-76CF-4828-A78A-08B3C497DFBA}.Debug|Any CPU.Build.0 = Debug|Any CPU
		{430A4E98-76CF-4828-A78A-08B3C497DFBA}.Release|Any CPU.ActiveCfg = Release|Any CPU
		{430A4E98-76CF-4828-A78A-08B3C497DFBA}.Release|Any CPU.Build.0 = Release|Any CPU
		{16589814-9C01-4DF9-8148-EC622D635CBD}.Debug|Any CPU.ActiveCfg = Debug|Any CPU
		{16589814-9C01-4DF9-8148-EC622D635CBD}.Debug|Any CPU.Build.0 = Debug|Any CPU
		{16589814-9C01-4DF9-8148-EC622D635CBD}.Release|Any CPU.ActiveCfg = Release|Any CPU
		{16589814-9C01-4DF9-8148-EC622D635CBD}.Release|Any CPU.Build.0 = Release|Any CPU
		{E2651C6C-C682-43B0-BD69-CE6ED1C5268C}.Debug|Any CPU.ActiveCfg = Debug|Any CPU
		{E2651C6C-C682-43B0-BD69-CE6ED1C5268C}.Debug|Any CPU.Build.0 = Debug|Any CPU
		{E2651C6C-C682-43B0-BD69-CE6ED1C5268C}.Release|Any CPU.ActiveCfg = Release|Any CPU
		{E2651C6C-C682-43B0-BD69-CE6ED1C5268C}.Release|Any CPU.Build.0 = Release|Any CPU
		{F9D52ACD-B941-407F-ACCD-5532EF1A9D74}.Debug|Any CPU.ActiveCfg = Debug|Any CPU
		{F9D52ACD-B941-407F-ACCD-5532EF1A9D74}.Debug|Any CPU.Build.0 = Debug|Any CPU
		{F9D52ACD-B941-407F-ACCD-5532EF1A9D74}.Release|Any CPU.ActiveCfg = Release|Any CPU
		{F9D52ACD-B941-407F-ACCD-5532EF1A9D74}.Release|Any CPU.Build.0 = Release|Any CPU
		{57790021-DAD4-403D-A3CD-168DB34C6006}.Debug|Any CPU.ActiveCfg = Debug|Any CPU
		{57790021-DAD4-403D-A3CD-168DB34C6006}.Debug|Any CPU.Build.0 = Debug|Any CPU
		{57790021-DAD4-403D-A3CD-168DB34C6006}.Release|Any CPU.ActiveCfg = Release|Any CPU
		{57790021-DAD4-403D-A3CD-168DB34C6006}.Release|Any CPU.Build.0 = Release|Any CPU
		{03C94C0F-6B49-4D4F-8D28-B6294CFD6A95}.Debug|Any CPU.ActiveCfg = Debug|Any CPU
		{03C94C0F-6B49-4D4F-8D28-B6294CFD6A95}.Debug|Any CPU.Build.0 = Debug|Any CPU
		{03C94C0F-6B49-4D4F-8D28-B6294CFD6A95}.Release|Any CPU.ActiveCfg = Release|Any CPU
		{03C94C0F-6B49-4D4F-8D28-B6294CFD6A95}.Release|Any CPU.Build.0 = Release|Any CPU
	EndGlobalSection
	GlobalSection(SolutionProperties) = preSolution
		HideSolutionNode = FALSE
	EndGlobalSection
	GlobalSection(NestedProjects) = preSolution
		{FC863271-5EEC-4852-BD5D-D28CA5127B31} = {A101FDE4-7966-4D6B-AC63-9C155841443C}
		{430A4E98-76CF-4828-A78A-08B3C497DFBA} = {660D3759-0CED-40FE-8822-EDEDEF543729}
		{16589814-9C01-4DF9-8148-EC622D635CBD} = {5EBCAB1A-D4B8-405B-A7DD-DDCFA72C3101}
		{E2651C6C-C682-43B0-BD69-CE6ED1C5268C} = {EA34C395-EC26-4291-A72A-B68EA16AF9DE}
		{F9D52ACD-B941-407F-ACCD-5532EF1A9D74} = {EA34C395-EC26-4291-A72A-B68EA16AF9DE}
		{57790021-DAD4-403D-A3CD-168DB34C6006} = {EA34C395-EC26-4291-A72A-B68EA16AF9DE}
		{03C94C0F-6B49-4D4F-8D28-B6294CFD6A95} = {EA34C395-EC26-4291-A72A-B68EA16AF9DE}
	EndGlobalSection
	GlobalSection(ExtensibilityGlobals) = postSolution
		SolutionGuid = {BBE3DAF7-D25A-4F44-A446-7776BC985D4D}
	EndGlobalSection
EndGlobal
